
Microsoft Visual Studio Solution File, Format Version 12.00
# Visual Studio Version 17
VisualStudioVersion = 17.13.35806.99
MinimumVisualStudioVersion = 10.0.40219.1
Project("{FAE04EC0-301F-11D3-BF4B-00C04F79EFBC}") = "Task1_2", "Task1_2\Task1_2.csproj", "{A79842D5-A92C-450B-96C4-E969C3E238DA}"
EndProject
Project("{FAE04EC0-301F-11D3-BF4B-00C04F79EFBC}") = "Task2_1", "Task2_1\Task2_1.csproj", "{B0D73B89-0B81-4177-9977-C64A40B3AD53}"
EndProject
Project("{FAE04EC0-301F-11D3-BF4B-00C04F79EFBC}") = "Task2_2", "Task2_2\Task2_2.csproj", "{04454CA5-0B31-47C0-B7FE-87054DD8545E}"
EndProject
Project("{FAE04EC0-301F-11D3-BF4B-00C04F79EFBC}") = "Task2_3", "Task2_3\Task2_3.csproj", "{067F6838-87F2-4704-B329-84FE6B5415B6}"
EndProject
Project("{FAE04EC0-301F-11D3-BF4B-00C04F79EFBC}") = "Task2_4", "Task2_4\Task2_4.csproj", "{5AD381F4-71DD-4CC7-8640-E494F3585EA0}"
EndProject
Project("{FAE04EC0-301F-11D3-BF4B-00C04F79EFBC}") = "Task2_5", "Task2_5\Task2_5.csproj", "{DAF4E2C0-EEF2-4D5A-8EE3-B994B35C6705}"
EndProject
Project("{FAE04EC0-301F-11D3-BF4B-00C04F79EFBC}") = "Task3_1", "Task3_1\Task3_1.csproj", "{0190336C-C2F5-4994-94A8-7F0936DF97E0}"
EndProject
Project("{FAE04EC0-301F-11D3-BF4B-00C04F79EFBC}") = "Task3_2", "Task3_2\Task3_2.csproj", "{8D07AEF2-7FE2-4949-ADAD-DC5285CA5872}"
EndProject
Project("{FAE04EC0-301F-11D3-BF4B-00C04F79EFBC}") = "Task3_3", "Task3_4\Task3_3.csproj", "{79E51C96-3E3A-48B5-A0C2-7CFFFE55F61D}"
EndProject
Project("{FAE04EC0-301F-11D3-BF4B-00C04F79EFBC}") = "Task3_4", "Task3_5\Task3_4.csproj", "{6EB75CA6-22D5-49AC-BA27-5C44C8BF2F4C}"
EndProject
Project("{FAE04EC0-301F-11D3-BF4B-00C04F79EFBC}") = "Task3_6", "Task3_5_1\Task3_6.csproj", "{887FD762-4CED-480A-9D3C-052E5EE2A971}"
EndProject
Project("{FAE04EC0-301F-11D3-BF4B-00C04F79EFBC}") = "Task3_7", "Task3_6\Task3_7.csproj", "{A7563946-DF4F-4ECF-B0DE-7F6DF1D722AD}"
EndProject
Project("{FAE04EC0-301F-11D3-BF4B-00C04F79EFBC}") = "Task3_5_2", "Task3_5_2\Task3_5_2.csproj", "{2F365E0A-3FB9-4E45-9227-EF9033222789}"
EndProject
Project("{FAE04EC0-301F-11D3-BF4B-00C04F79EFBC}") = "Task3_9", "Task3_8\Task3_9.csproj", "{B4EC3BAA-A093-428F-800D-BB48D1C1214E}"
EndProject
Project("{FAE04EC0-301F-11D3-BF4B-00C04F79EFBC}") = "Task3_8_1", "Task3_8_1\Task3_8_1.csproj", "{B91776E7-CD62-4121-A004-5C43E3DD3221}"
EndProject
Project("{FAE04EC0-301F-11D3-BF4B-00C04F79EFBC}") = "Task3_10", "Task3_10\Task3_10.csproj", "{70DC9E69-04C4-48A2-B844-FB504C5C506D}"
EndProject
Project("{FAE04EC0-301F-11D3-BF4B-00C04F79EFBC}") = "Task3_11", "Task3_11\Task3_11.csproj", "{D586C190-3337-40EA-9E4D-F87DE50637DF}"
EndProject
Global
	GlobalSection(SolutionConfigurationPlatforms) = preSolution
		Debug|Any CPU = Debug|Any CPU
		Release|Any CPU = Release|Any CPU
	EndGlobalSection
	GlobalSection(ProjectConfigurationPlatforms) = postSolution
		{A79842D5-A92C-450B-96C4-E969C3E238DA}.Debug|Any CPU.ActiveCfg = Debug|Any CPU
		{A79842D5-A92C-450B-96C4-E969C3E238DA}.Debug|Any CPU.Build.0 = Debug|Any CPU
		{A79842D5-A92C-450B-96C4-E969C3E238DA}.Release|Any CPU.ActiveCfg = Release|Any CPU
		{A79842D5-A92C-450B-96C4-E969C3E238DA}.Release|Any CPU.Build.0 = Release|Any CPU
		{B0D73B89-0B81-4177-9977-C64A40B3AD53}.Debug|Any CPU.ActiveCfg = Debug|Any CPU
		{B0D73B89-0B81-4177-9977-C64A40B3AD53}.Debug|Any CPU.Build.0 = Debug|Any CPU
		{B0D73B89-0B81-4177-9977-C64A40B3AD53}.Release|Any CPU.ActiveCfg = Release|Any CPU
		{B0D73B89-0B81-4177-9977-C64A40B3AD53}.Release|Any CPU.Build.0 = Release|Any CPU
		{04454CA5-0B31-47C0-B7FE-87054DD8545E}.Debug|Any CPU.ActiveCfg = Debug|Any CPU
		{04454CA5-0B31-47C0-B7FE-87054DD8545E}.Debug|Any CPU.Build.0 = Debug|Any CPU
		{04454CA5-0B31-47C0-B7FE-87054DD8545E}.Release|Any CPU.ActiveCfg = Release|Any CPU
		{04454CA5-0B31-47C0-B7FE-87054DD8545E}.Release|Any CPU.Build.0 = Release|Any CPU
		{067F6838-87F2-4704-B329-84FE6B5415B6}.Debug|Any CPU.ActiveCfg = Debug|Any CPU
		{067F6838-87F2-4704-B329-84FE6B5415B6}.Debug|Any CPU.Build.0 = Debug|Any CPU
		{067F6838-87F2-4704-B329-84FE6B5415B6}.Release|Any CPU.ActiveCfg = Release|Any CPU
		{067F6838-87F2-4704-B329-84FE6B5415B6}.Release|Any CPU.Build.0 = Release|Any CPU
		{5AD381F4-71DD-4CC7-8640-E494F3585EA0}.Debug|Any CPU.ActiveCfg = Debug|Any CPU
		{5AD381F4-71DD-4CC7-8640-E494F3585EA0}.Debug|Any CPU.Build.0 = Debug|Any CPU
		{5AD381F4-71DD-4CC7-8640-E494F3585EA0}.Release|Any CPU.ActiveCfg = Release|Any CPU
		{5AD381F4-71DD-4CC7-8640-E494F3585EA0}.Release|Any CPU.Build.0 = Release|Any CPU
		{DAF4E2C0-EEF2-4D5A-8EE3-B994B35C6705}.Debug|Any CPU.ActiveCfg = Debug|Any CPU
		{DAF4E2C0-EEF2-4D5A-8EE3-B994B35C6705}.Debug|Any CPU.Build.0 = Debug|Any CPU
		{DAF4E2C0-EEF2-4D5A-8EE3-B994B35C6705}.Release|Any CPU.ActiveCfg = Release|Any CPU
		{DAF4E2C0-EEF2-4D5A-8EE3-B994B35C6705}.Release|Any CPU.Build.0 = Release|Any CPU
		{0190336C-C2F5-4994-94A8-7F0936DF97E0}.Debug|Any CPU.ActiveCfg = Debug|Any CPU
		{0190336C-C2F5-4994-94A8-7F0936DF97E0}.Debug|Any CPU.Build.0 = Debug|Any CPU
		{0190336C-C2F5-4994-94A8-7F0936DF97E0}.Release|Any CPU.ActiveCfg = Release|Any CPU
		{0190336C-C2F5-4994-94A8-7F0936DF97E0}.Release|Any CPU.Build.0 = Release|Any CPU
		{8D07AEF2-7FE2-4949-ADAD-DC5285CA5872}.Debug|Any CPU.ActiveCfg = Debug|Any CPU
		{8D07AEF2-7FE2-4949-ADAD-DC5285CA5872}.Debug|Any CPU.Build.0 = Debug|Any CPU
		{8D07AEF2-7FE2-4949-ADAD-DC5285CA5872}.Release|Any CPU.ActiveCfg = Release|Any CPU
		{8D07AEF2-7FE2-4949-ADAD-DC5285CA5872}.Release|Any CPU.Build.0 = Release|Any CPU
		{79E51C96-3E3A-48B5-A0C2-7CFFFE55F61D}.Debug|Any CPU.ActiveCfg = Debug|Any CPU
		{79E51C96-3E3A-48B5-A0C2-7CFFFE55F61D}.Debug|Any CPU.Build.0 = Debug|Any CPU
		{79E51C96-3E3A-48B5-A0C2-7CFFFE55F61D}.Release|Any CPU.ActiveCfg = Release|Any CPU
		{79E51C96-3E3A-48B5-A0C2-7CFFFE55F61D}.Release|Any CPU.Build.0 = Release|Any CPU
		{6EB75CA6-22D5-49AC-BA27-5C44C8BF2F4C}.Debug|Any CPU.ActiveCfg = Debug|Any CPU
		{6EB75CA6-22D5-49AC-BA27-5C44C8BF2F4C}.Debug|Any CPU.Build.0 = Debug|Any CPU
		{6EB75CA6-22D5-49AC-BA27-5C44C8BF2F4C}.Release|Any CPU.ActiveCfg = Release|Any CPU
		{6EB75CA6-22D5-49AC-BA27-5C44C8BF2F4C}.Release|Any CPU.Build.0 = Release|Any CPU
		{887FD762-4CED-480A-9D3C-052E5EE2A971}.Debug|Any CPU.ActiveCfg = Debug|Any CPU
		{887FD762-4CED-480A-9D3C-052E5EE2A971}.Debug|Any CPU.Build.0 = Debug|Any CPU
		{887FD762-4CED-480A-9D3C-052E5EE2A971}.Release|Any CPU.ActiveCfg = Release|Any CPU
		{887FD762-4CED-480A-9D3C-052E5EE2A971}.Release|Any CPU.Build.0 = Release|Any CPU
		{A7563946-DF4F-4ECF-B0DE-7F6DF1D722AD}.Debug|Any CPU.ActiveCfg = Debug|Any CPU
		{A7563946-DF4F-4ECF-B0DE-7F6DF1D722AD}.Debug|Any CPU.Build.0 = Debug|Any CPU
		{A7563946-DF4F-4ECF-B0DE-7F6DF1D722AD}.Release|Any CPU.ActiveCfg = Release|Any CPU
		{A7563946-DF4F-4ECF-B0DE-7F6DF1D722AD}.Release|Any CPU.Build.0 = Release|Any CPU
		{2F365E0A-3FB9-4E45-9227-EF9033222789}.Debug|Any CPU.ActiveCfg = Debug|Any CPU
		{2F365E0A-3FB9-4E45-9227-EF9033222789}.Debug|Any CPU.Build.0 = Debug|Any CPU
		{2F365E0A-3FB9-4E45-9227-EF9033222789}.Release|Any CPU.ActiveCfg = Release|Any CPU
		{2F365E0A-3FB9-4E45-9227-EF9033222789}.Release|Any CPU.Build.0 = Release|Any CPU
		{B4EC3BAA-A093-428F-800D-BB48D1C1214E}.Debug|Any CPU.ActiveCfg = Debug|Any CPU
		{B4EC3BAA-A093-428F-800D-BB48D1C1214E}.Debug|Any CPU.Build.0 = Debug|Any CPU
		{B4EC3BAA-A093-428F-800D-BB48D1C1214E}.Release|Any CPU.ActiveCfg = Release|Any CPU
		{B4EC3BAA-A093-428F-800D-BB48D1C1214E}.Release|Any CPU.Build.0 = Release|Any CPU
		{B91776E7-CD62-4121-A004-5C43E3DD3221}.Debug|Any CPU.ActiveCfg = Debug|Any CPU
		{B91776E7-CD62-4121-A004-5C43E3DD3221}.Debug|Any CPU.Build.0 = Debug|Any CPU
		{B91776E7-CD62-4121-A004-5C43E3DD3221}.Release|Any CPU.ActiveCfg = Release|Any CPU
		{B91776E7-CD62-4121-A004-5C43E3DD3221}.Release|Any CPU.Build.0 = Release|Any CPU
		{70DC9E69-04C4-48A2-B844-FB504C5C506D}.Debug|Any CPU.ActiveCfg = Debug|Any CPU
		{70DC9E69-04C4-48A2-B844-FB504C5C506D}.Debug|Any CPU.Build.0 = Debug|Any CPU
		{70DC9E69-04C4-48A2-B844-FB504C5C506D}.Release|Any CPU.ActiveCfg = Release|Any CPU
		{70DC9E69-04C4-48A2-B844-FB504C5C506D}.Release|Any CPU.Build.0 = Release|Any CPU
		{D586C190-3337-40EA-9E4D-F87DE50637DF}.Debug|Any CPU.ActiveCfg = Debug|Any CPU
		{D586C190-3337-40EA-9E4D-F87DE50637DF}.Debug|Any CPU.Build.0 = Debug|Any CPU
		{D586C190-3337-40EA-9E4D-F87DE50637DF}.Release|Any CPU.ActiveCfg = Release|Any CPU
		{D586C190-3337-40EA-9E4D-F87DE50637DF}.Release|Any CPU.Build.0 = Release|Any CPU
	EndGlobalSection
	GlobalSection(SolutionProperties) = preSolution
		HideSolutionNode = FALSE
	EndGlobalSection
	GlobalSection(ExtensibilityGlobals) = postSolution
		SolutionGuid = {1FF4FFD9-7367-4065-BF91-535158E33E40}
	EndGlobalSection
EndGlobal
