
Microsoft Visual Studio Solution File, Format Version 12.00
# Visual Studio Version 17
VisualStudioVersion = 17.13.35806.99
MinimumVisualStudioVersion = 10.0.40219.1
Project("{FAE04EC0-301F-11D3-BF4B-00C04F79EFBC}") = "Task1_2", "Task1_2\Task1_2.csproj", "{A79842D5-A92C-450B-96C4-E969C3E238DA}"
EndProject
Project("{FAE04EC0-301F-11D3-BF4B-00C04F79EFBC}") = "Task2_1", "Task2_1\Task2_1.csproj", "{B0D73B89-0B81-4177-9977-C64A40B3AD53}"
EndProject
Project("{FAE04EC0-301F-11D3-BF4B-00C04F79EFBC}") = "Task2_2", "Task2_2\Task2_2.csproj", "{04454CA5-0B31-47C0-B7FE-87054DD8545E}"
EndProject
Project("{FAE04EC0-301F-11D3-BF4B-00C04F79EFBC}") = "Task2_3", "Task2_3\Task2_3.csproj", "{067F6838-87F2-4704-B329-84FE6B5415B6}"
EndProject
Project("{FAE04EC0-301F-11D3-BF4B-00C04F79EFBC}") = "Task2_4", "Task2_4\Task2_4.csproj", "{5AD381F4-71DD-4CC7-8640-E494F3585EA0}"
EndProject
Project("{FAE04EC0-301F-11D3-BF4B-00C04F79EFBC}") = "Task2_5", "Task2_5\Task2_5.csproj", "{DAF4E2C0-EEF2-4D5A-8EE3-B994B35C6705}"
EndProject
Global
	GlobalSection(SolutionConfigurationPlatforms) = preSolution
		Debug|Any CPU = Debug|Any CPU
		Release|Any CPU = Release|Any CPU
	EndGlobalSection
	GlobalSection(ProjectConfigurationPlatforms) = postSolution
		{A79842D5-A92C-450B-96C4-E969C3E238DA}.Debug|Any CPU.ActiveCfg = Debug|Any CPU
		{A79842D5-A92C-450B-96C4-E969C3E238DA}.Debug|Any CPU.Build.0 = Debug|Any CPU
		{A79842D5-A92C-450B-96C4-E969C3E238DA}.Release|Any CPU.ActiveCfg = Release|Any CPU
		{A79842D5-A92C-450B-96C4-E969C3E238DA}.Release|Any CPU.Build.0 = Release|Any CPU
		{B0D73B89-0B81-4177-9977-C64A40B3AD53}.Debug|Any CPU.ActiveCfg = Debug|Any CPU
		{B0D73B89-0B81-4177-9977-C64A40B3AD53}.Debug|Any CPU.Build.0 = Debug|Any CPU
		{B0D73B89-0B81-4177-9977-C64A40B3AD53}.Release|Any CPU.ActiveCfg = Release|Any CPU
		{B0D73B89-0B81-4177-9977-C64A40B3AD53}.Release|Any CPU.Build.0 = Release|Any CPU
		{04454CA5-0B31-47C0-B7FE-87054DD8545E}.Debug|Any CPU.ActiveCfg = Debug|Any CPU
		{04454CA5-0B31-47C0-B7FE-87054DD8545E}.Debug|Any CPU.Build.0 = Debug|Any CPU
		{04454CA5-0B31-47C0-B7FE-87054DD8545E}.Release|Any CPU.ActiveCfg = Release|Any CPU
		{04454CA5-0B31-47C0-B7FE-87054DD8545E}.Release|Any CPU.Build.0 = Release|Any CPU
		{067F6838-87F2-4704-B329-84FE6B5415B6}.Debug|Any CPU.ActiveCfg = Debug|Any CPU
		{067F6838-87F2-4704-B329-84FE6B5415B6}.Debug|Any CPU.Build.0 = Debug|Any CPU
		{067F6838-87F2-4704-B329-84FE6B5415B6}.Release|Any CPU.ActiveCfg = Release|Any CPU
		{067F6838-87F2-4704-B329-84FE6B5415B6}.Release|Any CPU.Build.0 = Release|Any CPU
		{5AD381F4-71DD-4CC7-8640-E494F3585EA0}.Debug|Any CPU.ActiveCfg = Debug|Any CPU
		{5AD381F4-71DD-4CC7-8640-E494F3585EA0}.Debug|Any CPU.Build.0 = Debug|Any CPU
		{5AD381F4-71DD-4CC7-8640-E494F3585EA0}.Release|Any CPU.ActiveCfg = Release|Any CPU
		{5AD381F4-71DD-4CC7-8640-E494F3585EA0}.Release|Any CPU.Build.0 = Release|Any CPU
		{DAF4E2C0-EEF2-4D5A-8EE3-B994B35C6705}.Debug|Any CPU.ActiveCfg = Debug|Any CPU
		{DAF4E2C0-EEF2-4D5A-8EE3-B994B35C6705}.Debug|Any CPU.Build.0 = Debug|Any CPU
		{DAF4E2C0-EEF2-4D5A-8EE3-B994B35C6705}.Release|Any CPU.ActiveCfg = Release|Any CPU
		{DAF4E2C0-EEF2-4D5A-8EE3-B994B35C6705}.Release|Any CPU.Build.0 = Release|Any CPU
	EndGlobalSection
	GlobalSection(SolutionProperties) = preSolution
		HideSolutionNode = FALSE
	EndGlobalSection
	GlobalSection(ExtensibilityGlobals) = postSolution
		SolutionGuid = {1FF4FFD9-7367-4065-BF91-535158E33E40}
	EndGlobalSection
EndGlobal
